PODS:
  - Bolts (1.6.0):
    - Bolts/AppLinks (= 1.6.0)
    - Bolts/Tasks (= 1.6.0)
  - Bolts/AppLinks (1.6.0):
    - Bolts/Tasks
  - Bolts/Tasks (1.6.0)
  - FBSDKCoreKit (4.9.0):
    - Bolts (~> 1.5)
  - FBSDKLoginKit (4.9.0):
    - FBSDKCoreKit
  - GoogleMaps (1.11.1)
  - SwiftyJSON (2.3.2)
  - TextFieldEffects (1.1.0)

DEPENDENCIES:
  - FBSDKLoginKit
  - GoogleMaps
  - SwiftyJSON
  - TextFieldEffects

SPEC CHECKSUMS:
  Bolts: f52a250053bb517ca874523c3913776359ab3def
  FBSDKCoreKit: c4f25d27949a6ac80206063804d12ad1c7879612
  FBSDKLoginKit: d46210c3955d69337c61325327f486ca50a8661f
  GoogleMaps: c947160008f414c66707a5ea60f35e92055c7670
  SwiftyJSON: 04ccea08915aa0109039157c7974cf0298da292a
  TextFieldEffects: 8e43fea8836e97be80fc4db27a1596c9e98a26ba

COCOAPODS: 0.39.0
